
Microsoft Visual Studio Solution File, Format Version 12.00
# Visual Studio Version 17
VisualStudioVersion = 17.2.32630.192
MinimumVisualStudioVersion = 10.0.40219.1
Project("{FAE04EC0-301F-11D3-BF4B-00C04F79EFBC}") = "UserStep", "UserStep\UserStep.csproj", "{09933E37-BA22-4872-BD29-6EE3DDDD951A}"
EndProject
Global
	GlobalSection(SolutionConfigurationPlatforms) = preSolution
		Debug|Any CPU = Debug|Any CPU
		Release|Any CPU = Release|Any CPU
	EndGlobalSection
	GlobalSection(ProjectConfigurationPlatforms) = postSolution
		{09933E37-BA22-4872-BD29-6EE3DDDD951A}.Debug|Any CPU.ActiveCfg = Debug|Any CPU
		{09933E37-BA22-4872-BD29-6EE3DDDD951A}.Debug|Any CPU.Build.0 = Debug|Any CPU
		{09933E37-BA22-4872-BD29-6EE3DDDD951A}.Release|Any CPU.ActiveCfg = Release|Any CPU
		{09933E37-BA22-4872-BD29-6EE3DDDD951A}.Release|Any CPU.Build.0 = Release|Any CPU
	EndGlobalSection
	GlobalSection(SolutionProperties) = preSolution
		HideSolutionNode = FALSE
	EndGlobalSection
	GlobalSection(ExtensibilityGlobals) = postSolution
		SolutionGuid = {0416302F-26EA-4E63-8B0E-5200A0E4FBAB}
	EndGlobalSection
EndGlobal
